// !$*UTF8*$!
{
	archiveVersion = 1;
	classes = {
	};
	objectVersion = 55;
	objects = {

/* Begin PBXBuildFile section */
		354B8AC4285AD47E00F5F344 /* AppDelegate.swift in Sources */ = {isa = PBXBuildFile; fileRef = 354B8AC3285AD47E00F5F344 /* AppDelegate.swift */; };
		354B8AC6285AD47E00F5F344 /* SceneDelegate.swift in Sources */ = {isa = PBXBuildFile; fileRef = 354B8AC5285AD47E00F5F344 /* SceneDelegate.swift */; };
		354B8AC8285AD47E00F5F344 /* ViewController.swift in Sources */ = {isa = PBXBuildFile; fileRef = 354B8AC7285AD47E00F5F344 /* ViewController.swift */; };
		354B8ACB285AD47E00F5F344 /* Main.storyboard in Resources */ = {isa = PBXBuildFile; fileRef = 354B8AC9285AD47E00F5F344 /* Main.storyboard */; };
		354B8ACD285AD48000F5F344 /* Assets.xcassets in Resources */ = {isa = PBXBuildFile; fileRef = 354B8ACC285AD48000F5F344 /* Assets.xcassets */; };
		354B8AD0285AD48000F5F344 /* LaunchScreen.storyboard in Resources */ = {isa = PBXBuildFile; fileRef = 354B8ACE285AD48000F5F344 /* LaunchScreen.storyboard */; };
		354B8ADB285AD48100F5F344 /* Am_I_an_MLM_Tests.swift in Sources */ = {isa = PBXBuildFile; fileRef = 354B8ADA285AD48100F5F344 /* Am_I_an_MLM_Tests.swift */; };
		354B8AE5285AD48100F5F344 /* Am_I_an_MLM_UITests.swift in Sources */ = {isa = PBXBuildFile; fileRef = 354B8AE4285AD48100F5F344 /* Am_I_an_MLM_UITests.swift */; };
		354B8AE7285AD48100F5F344 /* Am_I_an_MLM_UITestsLaunchTests.swift in Sources */ = {isa = PBXBuildFile; fileRef = 354B8AE6285AD48100F5F344 /* Am_I_an_MLM_UITestsLaunchTests.swift */; };
/* End PBXBuildFile section */

/* Begin PBXContainerItemProxy section */
		354B8AD7285AD48100F5F344 /* PBXContainerItemProxy */ = {
			isa = PBXContainerItemProxy;
			containerPortal = 354B8AB8285AD47E00F5F344 /* Project object */;
			proxyType = 1;
			remoteGlobalIDString = 354B8ABF285AD47E00F5F344;
			remoteInfo = "Am I an MLM?";
		};
		354B8AE1285AD48100F5F344 /* PBXContainerItemProxy */ = {
			isa = PBXContainerItemProxy;
			containerPortal = 354B8AB8285AD47E00F5F344 /* Project object */;
			proxyType = 1;
			remoteGlobalIDString = 354B8ABF285AD47E00F5F344;
			remoteInfo = "Am I an MLM?";
		};
/* End PBXContainerItemProxy section */

/* Begin PBXFileReference section */
		354B8AC0285AD47E00F5F344 /* Am I an MLM?.app */ = {isa = PBXFileReference; explicitFileType = wrapper.application; includeInIndex = 0; path = "Am I an MLM?.app"; sourceTree = BUILT_PRODUCTS_DIR; };
		354B8AC3285AD47E00F5F344 /* AppDelegate.swift */ = {isa = PBXFileReference; lastKnownFileType = sourcecode.swift; path = AppDelegate.swift; sourceTree = "<group>"; };
		354B8AC5285AD47E00F5F344 /* SceneDelegate.swift */ = {isa = PBXFileReference; lastKnownFileType = sourcecode.swift; path = SceneDelegate.swift; sourceTree = "<group>"; };
		354B8AC7285AD47E00F5F344 /* ViewController.swift */ = {isa = PBXFileReference; lastKnownFileType = sourcecode.swift; path = ViewController.swift; sourceTree = "<group>"; };
		354B8ACA285AD47E00F5F344 /* Base */ = {isa = PBXFileReference; lastKnownFileType = file.storyboard; name = Base; path = Base.lproj/Main.storyboard; sourceTree = "<group>"; };
		354B8ACC285AD48000F5F344 /* Assets.xcassets */ = {isa = PBXFileReference; lastKnownFileType = folder.assetcatalog; path = Assets.xcassets; sourceTree = "<group>"; };
		354B8ACF285AD48000F5F344 /* Base */ = {isa = PBXFileReference; lastKnownFileType = file.storyboard; name = Base; path = Base.lproj/LaunchScreen.storyboard; sourceTree = "<group>"; };
		354B8AD1285AD48000F5F344 /* Info.plist */ = {isa = PBXFileReference; lastKnownFileType = text.plist.xml; path = Info.plist; sourceTree = "<group>"; };
		354B8AD6285AD48100F5F344 /* Am I an MLM?Tests.xctest */ = {isa = PBXFileReference; explicitFileType = wrapper.cfbundle; includeInIndex = 0; path = "Am I an MLM?Tests.xctest"; sourceTree = BUILT_PRODUCTS_DIR; };
		354B8ADA285AD48100F5F344 /* Am_I_an_MLM_Tests.swift */ = {isa = PBXFileReference; lastKnownFileType = sourcecode.swift; path = Am_I_an_MLM_Tests.swift; sourceTree = "<group>"; };
		354B8AE0285AD48100F5F344 /* Am I an MLM?UITests.xctest */ = {isa = PBXFileReference; explicitFileType = wrapper.cfbundle; includeInIndex = 0; path = "Am I an MLM?UITests.xctest"; sourceTree = BUILT_PRODUCTS_DIR; };
		354B8AE4285AD48100F5F344 /* Am_I_an_MLM_UITests.swift */ = {isa = PBXFileReference; lastKnownFileType = sourcecode.swift; path = Am_I_an_MLM_UITests.swift; sourceTree = "<group>"; };
		354B8AE6285AD48100F5F344 /* Am_I_an_MLM_UITestsLaunchTests.swift */ = {isa = PBXFileReference; lastKnownFileType = sourcecode.swift; path = Am_I_an_MLM_UITestsLaunchTests.swift; sourceTree = "<group>"; };
/* End PBXFileReference section */

/* Begin PBXFrameworksBuildPhase section */
		354B8ABD285AD47E00F5F344 /* Frameworks */ = {
			isa = PBXFrameworksBuildPhase;
			buildActionMask = 2147483647;
			files = (
			);
			runOnlyForDeploymentPostprocessing = 0;
		};
		354B8AD3285AD48100F5F344 /* Frameworks */ = {
			isa = PBXFrameworksBuildPhase;
			buildActionMask = 2147483647;
			files = (
			);
			runOnlyForDeploymentPostprocessing = 0;
		};
		354B8ADD285AD48100F5F344 /* Frameworks */ = {
			isa = PBXFrameworksBuildPhase;
			buildActionMask = 2147483647;
			files = (
			);
			runOnlyForDeploymentPostprocessing = 0;
		};
/* End PBXFrameworksBuildPhase section */

/* Begin PBXGroup section */
		354B8AB7285AD47E00F5F344 = {
			isa = PBXGroup;
			children = (
				354B8AC2285AD47E00F5F344 /* Am I an MLM? */,
				354B8AD9285AD48100F5F344 /* Am I an MLM?Tests */,
				354B8AE3285AD48100F5F344 /* Am I an MLM?UITests */,
				354B8AC1285AD47E00F5F344 /* Products */,
			);
			sourceTree = "<group>";
		};
		354B8AC1285AD47E00F5F344 /* Products */ = {
			isa = PBXGroup;
			children = (
				354B8AC0285AD47E00F5F344 /* Am I an MLM?.app */,
				354B8AD6285AD48100F5F344 /* Am I an MLM?Tests.xctest */,
				354B8AE0285AD48100F5F344 /* Am I an MLM?UITests.xctest */,
			);
			name = Products;
			sourceTree = "<group>";
		};
		354B8AC2285AD47E00F5F344 /* Am I an MLM? */ = {
			isa = PBXGroup;
			children = (
				354B8AC3285AD47E00F5F344 /* AppDelegate.swift */,
				354B8AC5285AD47E00F5F344 /* SceneDelegate.swift */,
				354B8AC7285AD47E00F5F344 /* ViewController.swift */,
				354B8AC9285AD47E00F5F344 /* Main.storyboard */,
				354B8ACC285AD48000F5F344 /* Assets.xcassets */,
				354B8ACE285AD48000F5F344 /* LaunchScreen.storyboard */,
				354B8AD1285AD48000F5F344 /* Info.plist */,
			);
			path = "Am I an MLM?";
			sourceTree = "<group>";
		};
		354B8AD9285AD48100F5F344 /* Am I an MLM?Tests */ = {
			isa = PBXGroup;
			children = (
				354B8ADA285AD48100F5F344 /* Am_I_an_MLM_Tests.swift */,
			);
			path = "Am I an MLM?Tests";
			sourceTree = "<group>";
		};
		354B8AE3285AD48100F5F344 /* Am I an MLM?UITests */ = {
			isa = PBXGroup;
			children = (
				354B8AE4285AD48100F5F344 /* Am_I_an_MLM_UITests.swift */,
				354B8AE6285AD48100F5F344 /* Am_I_an_MLM_UITestsLaunchTests.swift */,
			);
			path = "Am I an MLM?UITests";
			sourceTree = "<group>";
		};
/* End PBXGroup section */

/* Begin PBXNativeTarget section */
		354B8ABF285AD47E00F5F344 /* Am I an MLM? */ = {
			isa = PBXNativeTarget;
			buildConfigurationList = 354B8AEA285AD48100F5F344 /* Build configuration list for PBXNativeTarget "Am I an MLM?" */;
			buildPhases = (
				354B8ABC285AD47E00F5F344 /* Sources */,
				354B8ABD285AD47E00F5F344 /* Frameworks */,
				354B8ABE285AD47E00F5F344 /* Resources */,
			);
			buildRules = (
			);
			dependencies = (
			);
			name = "Am I an MLM?";
			productName = "Am I an MLM?";
			productReference = 354B8AC0285AD47E00F5F344 /* Am I an MLM?.app */;
			productType = "com.apple.product-type.application";
		};
		354B8AD5285AD48100F5F344 /* Am I an MLM?Tests */ = {
			isa = PBXNativeTarget;
			buildConfigurationList = 354B8AED285AD48100F5F344 /* Build configuration list for PBXNativeTarget "Am I an MLM?Tests" */;
			buildPhases = (
				354B8AD2285AD48100F5F344 /* Sources */,
				354B8AD3285AD48100F5F344 /* Frameworks */,
				354B8AD4285AD48100F5F344 /* Resources */,
			);
			buildRules = (
			);
			dependencies = (
				354B8AD8285AD48100F5F344 /* PBXTargetDependency */,
			);
			name = "Am I an MLM?Tests";
			productName = "Am I an MLM?Tests";
			productReference = 354B8AD6285AD48100F5F344 /* Am I an MLM?Tests.xctest */;
			productType = "com.apple.product-type.bundle.unit-test";
		};
		354B8ADF285AD48100F5F344 /* Am I an MLM?UITests */ = {
			isa = PBXNativeTarget;
			buildConfigurationList = 354B8AF0285AD48100F5F344 /* Build configuration list for PBXNativeTarget "Am I an MLM?UITests" */;
			buildPhases = (
				354B8ADC285AD48100F5F344 /* Sources */,
				354B8ADD285AD48100F5F344 /* Frameworks */,
				354B8ADE285AD48100F5F344 /* Resources */,
			);
			buildRules = (
			);
			dependencies = (
				354B8AE2285AD48100F5F344 /* PBXTargetDependency */,
			);
			name = "Am I an MLM?UITests";
			productName = "Am I an MLM?UITests";
			productReference = 354B8AE0285AD48100F5F344 /* Am I an MLM?UITests.xctest */;
			productType = "com.apple.product-type.bundle.ui-testing";
		};
/* End PBXNativeTarget section */

/* Begin PBXProject section */
		354B8AB8285AD47E00F5F344 /* Project object */ = {
			isa = PBXProject;
			attributes = {
				BuildIndependentTargetsInParallel = 1;
				LastSwiftUpdateCheck = 1340;
				LastUpgradeCheck = 1340;
				TargetAttributes = {
					354B8ABF285AD47E00F5F344 = {
						CreatedOnToolsVersion = 13.4.1;
					};
					354B8AD5285AD48100F5F344 = {
						CreatedOnToolsVersion = 13.4.1;
						TestTargetID = 354B8ABF285AD47E00F5F344;
					};
					354B8ADF285AD48100F5F344 = {
						CreatedOnToolsVersion = 13.4.1;
						TestTargetID = 354B8ABF285AD47E00F5F344;
					};
				};
			};
			buildConfigurationList = 354B8ABB285AD47E00F5F344 /* Build configuration list for PBXProject "Am I an MLM?" */;
			compatibilityVersion = "Xcode 13.0";
			developmentRegion = en;
			hasScannedForEncodings = 0;
			knownRegions = (
				en,
				Base,
			);
			mainGroup = 354B8AB7285AD47E00F5F344;
			productRefGroup = 354B8AC1285AD47E00F5F344 /* Products */;
			projectDirPath = "";
			projectRoot = "";
			targets = (
				354B8ABF285AD47E00F5F344 /* Am I an MLM? */,
				354B8AD5285AD48100F5F344 /* Am I an MLM?Tests */,
				354B8ADF285AD48100F5F344 /* Am I an MLM?UITests */,
			);
		};
/* End PBXProject section */

/* Begin PBXResourcesBuildPhase section */
		354B8ABE285AD47E00F5F344 /* Resources */ = {
			isa = PBXResourcesBuildPhase;
			buildActionMask = 2147483647;
			files = (
				354B8AD0285AD48000F5F344 /* LaunchScreen.storyboard in Resources */,
				354B8ACD285AD48000F5F344 /* Assets.xcassets in Resources */,
				354B8ACB285AD47E00F5F344 /* Main.storyboard in Resources */,
			);
			runOnlyForDeploymentPostprocessing = 0;
		};
		354B8AD4285AD48100F5F344 /* Resources */ = {
			isa = PBXResourcesBuildPhase;
			buildActionMask = 2147483647;
			files = (
			);
			runOnlyForDeploymentPostprocessing = 0;
		};
		354B8ADE285AD48100F5F344 /* Resources */ = {
			isa = PBXResourcesBuildPhase;
			buildActionMask = 2147483647;
			files = (
			);
			runOnlyForDeploymentPostprocessing = 0;
		};
/* End PBXResourcesBuildPhase section */

/* Begin PBXSourcesBuildPhase section */
		354B8ABC285AD47E00F5F344 /* Sources */ = {
			isa = PBXSourcesBuildPhase;
			buildActionMask = 2147483647;
			files = (
				354B8AC8285AD47E00F5F344 /* ViewController.swift in Sources */,
				354B8AC4285AD47E00F5F344 /* AppDelegate.swift in Sources */,
				354B8AC6285AD47E00F5F344 /* SceneDelegate.swift in Sources */,
			);
			runOnlyForDeploymentPostprocessing = 0;
		};
		354B8AD2285AD48100F5F344 /* Sources */ = {
			isa = PBXSourcesBuildPhase;
			buildActionMask = 2147483647;
			files = (
				354B8ADB285AD48100F5F344 /* Am_I_an_MLM_Tests.swift in Sources */,
			);
			runOnlyForDeploymentPostprocessing = 0;
		};
		354B8ADC285AD48100F5F344 /* Sources */ = {
			isa = PBXSourcesBuildPhase;
			buildActionMask = 2147483647;
			files = (
				354B8AE7285AD48100F5F344 /* Am_I_an_MLM_UITestsLaunchTests.swift in Sources */,
				354B8AE5285AD48100F5F344 /* Am_I_an_MLM_UITests.swift in Sources */,
			);
			runOnlyForDeploymentPostprocessing = 0;
		};
/* End PBXSourcesBuildPhase section */

/* Begin PBXTargetDependency section */
		354B8AD8285AD48100F5F344 /* PBXTargetDependency */ = {
			isa = PBXTargetDependency;
			target = 354B8ABF285AD47E00F5F344 /* Am I an MLM? */;
			targetProxy = 354B8AD7285AD48100F5F344 /* PBXContainerItemProxy */;
		};
		354B8AE2285AD48100F5F344 /* PBXTargetDependency */ = {
			isa = PBXTargetDependency;
			target = 354B8ABF285AD47E00F5F344 /* Am I an MLM? */;
			targetProxy = 354B8AE1285AD48100F5F344 /* PBXContainerItemProxy */;
		};
/* End PBXTargetDependency section */

/* Begin PBXVariantGroup section */
		354B8AC9285AD47E00F5F344 /* Main.storyboard */ = {
			isa = PBXVariantGroup;
			children = (
				354B8ACA285AD47E00F5F344 /* Base */,
			);
			name = Main.storyboard;
			sourceTree = "<group>";
		};
		354B8ACE285AD48000F5F344 /* LaunchScreen.storyboard */ = {
			isa = PBXVariantGroup;
			children = (
				354B8ACF285AD48000F5F344 /* Base */,
			);
			name = LaunchScreen.storyboard;
			sourceTree = "<group>";
		};
/* End PBXVariantGroup section */

/* Begin XCBuildConfiguration section */
		354B8AE8285AD48100F5F344 /* Debug */ = {
			isa = XCBuildConfiguration;
			buildSettings = {
				ALWAYS_SEARCH_USER_PATHS = NO;
				CLANG_ANALYZER_NONNULL = YES;
				CLANG_ANALYZER_NUMBER_OBJECT_CONVERSION = YES_AGGRESSIVE;
				CLANG_CXX_LANGUAGE_STANDARD = "gnu++17";
				CLANG_ENABLE_MODULES = YES;
				CLANG_ENABLE_OBJC_ARC = YES;
				CLANG_ENABLE_OBJC_WEAK = YES;
				CLANG_WARN_BLOCK_CAPTURE_AUTORELEASING = YES;
				CLANG_WARN_BOOL_CONVERSION = YES;
				CLANG_WARN_COMMA = YES;
				CLANG_WARN_CONSTANT_CONVERSION = YES;
				CLANG_WARN_DEPRECATED_OBJC_IMPLEMENTATIONS = YES;
				CLANG_WARN_DIRECT_OBJC_ISA_USAGE = YES_ERROR;
				CLANG_WARN_DOCUMENTATION_COMMENTS = YES;
				CLANG_WARN_EMPTY_BODY = YES;
				CLANG_WARN_ENUM_CONVERSION = YES;
				CLANG_WARN_INFINITE_RECURSION = YES;
				CLANG_WARN_INT_CONVERSION = YES;
				CLANG_WARN_NON_LITERAL_NULL_CONVERSION = YES;
				CLANG_WARN_OBJC_IMPLICIT_RETAIN_SELF = YES;
				CLANG_WARN_OBJC_LITERAL_CONVERSION = YES;
				CLANG_WARN_OBJC_ROOT_CLASS = YES_ERROR;
				CLANG_WARN_QUOTED_INCLUDE_IN_FRAMEWORK_HEADER = YES;
				CLANG_WARN_RANGE_LOOP_ANALYSIS = YES;
				CLANG_WARN_STRICT_PROTOTYPES = YES;
				CLANG_WARN_SUSPICIOUS_MOVE = YES;
				CLANG_WARN_UNGUARDED_AVAILABILITY = YES_AGGRESSIVE;
				CLANG_WARN_UNREACHABLE_CODE = YES;
				CLANG_WARN__DUPLICATE_METHOD_MATCH = YES;
				COPY_PHASE_STRIP = NO;
				DEBUG_INFORMATION_FORMAT = dwarf;
				ENABLE_STRICT_OBJC_MSGSEND = YES;
				ENABLE_TESTABILITY = YES;
				GCC_C_LANGUAGE_STANDARD = gnu11;
				GCC_DYNAMIC_NO_PIC = NO;
				GCC_NO_COMMON_BLOCKS = YES;
				GCC_OPTIMIZATION_LEVEL = 0;
				GCC_PREPROCESSOR_DEFINITIONS = (
					"DEBUG=1",
					"$(inherited)",
				);
				GCC_WARN_64_TO_32_BIT_CONVERSION = YES;
				GCC_WARN_ABOUT_RETURN_TYPE = YES_ERROR;
				GCC_WARN_UNDECLARED_SELECTOR = YES;
				GCC_WARN_UNINITIALIZED_AUTOS = YES_AGGRESSIVE;
				GCC_WARN_UNUSED_FUNCTION = YES;
				GCC_WARN_UNUSED_VARIABLE = YES;
				IPHONEOS_DEPLOYMENT_TARGET = 15.5;
				MTL_ENABLE_DEBUG_INFO = INCLUDE_SOURCE;
				MTL_FAST_MATH = YES;
				ONLY_ACTIVE_ARCH = YES;
				SDKROOT = iphoneos;
				SWIFT_ACTIVE_COMPILATION_CONDITIONS = DEBUG;
				SWIFT_OPTIMIZATION_LEVEL = "-Onone";
			};
			name = Debug;
		};
		354B8AE9285AD48100F5F344 /* Release */ = {
			isa = XCBuildConfiguration;
			buildSettings = {
				ALWAYS_SEARCH_USER_PATHS = NO;
				CLANG_ANALYZER_NONNULL = YES;
				CLANG_ANALYZER_NUMBER_OBJECT_CONVERSION = YES_AGGRESSIVE;
				CLANG_CXX_LANGUAGE_STANDARD = "gnu++17";
				CLANG_ENABLE_MODULES = YES;
				CLANG_ENABLE_OBJC_ARC = YES;
				CLANG_ENABLE_OBJC_WEAK = YES;
				CLANG_WARN_BLOCK_CAPTURE_AUTORELEASING = YES;
				CLANG_WARN_BOOL_CONVERSION = YES;
				CLANG_WARN_COMMA = YES;
				CLANG_WARN_CONSTANT_CONVERSION = YES;
				CLANG_WARN_DEPRECATED_OBJC_IMPLEMENTATIONS = YES;
				CLANG_WARN_DIRECT_OBJC_ISA_USAGE = YES_ERROR;
				CLANG_WARN_DOCUMENTATION_COMMENTS = YES;
				CLANG_WARN_EMPTY_BODY = YES;
				CLANG_WARN_ENUM_CONVERSION = YES;
				CLANG_WARN_INFINITE_RECURSION = YES;
				CLANG_WARN_INT_CONVERSION = YES;
				CLANG_WARN_NON_LITERAL_NULL_CONVERSION = YES;
				CLANG_WARN_OBJC_IMPLICIT_RETAIN_SELF = YES;
				CLANG_WARN_OBJC_LITERAL_CONVERSION = YES;
				CLANG_WARN_OBJC_ROOT_CLASS = YES_ERROR;
				CLANG_WARN_QUOTED_INCLUDE_IN_FRAMEWORK_HEADER = YES;
				CLANG_WARN_RANGE_LOOP_ANALYSIS = YES;
				CLANG_WARN_STRICT_PROTOTYPES = YES;
				CLANG_WARN_SUSPICIOUS_MOVE = YES;
				CLANG_WARN_UNGUARDED_AVAILABILITY = YES_AGGRESSIVE;
				CLANG_WARN_UNREACHABLE_CODE = YES;
				CLANG_WARN__DUPLICATE_METHOD_MATCH = YES;
				COPY_PHASE_STRIP = NO;
				DEBUG_INFORMATION_FORMAT = "dwarf-with-dsym";
				ENABLE_NS_ASSERTIONS = NO;
				ENABLE_STRICT_OBJC_MSGSEND = YES;
				GCC_C_LANGUAGE_STANDARD = gnu11;
				GCC_NO_COMMON_BLOCKS = YES;
				GCC_WARN_64_TO_32_BIT_CONVERSION = YES;
				GCC_WARN_ABOUT_RETURN_TYPE = YES_ERROR;
				GCC_WARN_UNDECLARED_SELECTOR = YES;
				GCC_WARN_UNINITIALIZED_AUTOS = YES_AGGRESSIVE;
				GCC_WARN_UNUSED_FUNCTION = YES;
				GCC_WARN_UNUSED_VARIABLE = YES;
				IPHONEOS_DEPLOYMENT_TARGET = 15.5;
				MTL_ENABLE_DEBUG_INFO = NO;
				MTL_FAST_MATH = YES;
				SDKROOT = iphoneos;
				SWIFT_COMPILATION_MODE = wholemodule;
				SWIFT_OPTIMIZATION_LEVEL = "-O";
				VALIDATE_PRODUCT = YES;
			};
			name = Release;
		};
		354B8AEB285AD48100F5F344 /* Debug */ = {
			isa = XCBuildConfiguration;
			buildSettings = {
				ASSETCATALOG_COMPILER_APPICON_NAME = AppIcon;
				ASSETCATALOG_COMPILER_GLOBAL_ACCENT_COLOR_NAME = AccentColor;
				CODE_SIGN_STYLE = Automatic;
				CURRENT_PROJECT_VERSION = 1;
				DEVELOPMENT_TEAM = JGM97363D6;
				GENERATE_INFOPLIST_FILE = YES;
				INFOPLIST_FILE = "Am I an MLM?/Info.plist";
				INFOPLIST_KEY_UIApplicationSupportsIndirectInputEvents = YES;
				INFOPLIST_KEY_UILaunchStoryboardName = LaunchScreen;
				INFOPLIST_KEY_UIMainStoryboardFile = Main;
				INFOPLIST_KEY_UISupportedInterfaceOrientations_iPad = "UIInterfaceOrientationPortrait UIInterfaceOrientationPortraitUpsideDown UIInterfaceOrientationLandscapeLeft UIInterfaceOrientationLandscapeRight";
				INFOPLIST_KEY_UISupportedInterfaceOrientations_iPhone = "UIInterfaceOrientationPortrait UIInterfaceOrientationLandscapeLeft UIInterfaceOrientationLandscapeRight";
				LD_RUNPATH_SEARCH_PATHS = (
					"$(inherited)",
					"@executable_path/Frameworks",
				);
				MARKETING_VERSION = 1.0;
				PRODUCT_BUNDLE_IDENTIFIER = "com.ianschrauthbooks.Am-I-an-MLM-";
				PRODUCT_NAME = "$(TARGET_NAME)";
				SWIFT_EMIT_LOC_STRINGS = YES;
				SWIFT_VERSION = 5.0;
				TARGETED_DEVICE_FAMILY = "1,2";
			};
			name = Debug;
		};
		354B8AEC285AD48100F5F344 /* Release */ = {
			isa = XCBuildConfiguration;
			buildSettings = {
				ASSETCATALOG_COMPILER_APPICON_NAME = AppIcon;
				ASSETCATALOG_COMPILER_GLOBAL_ACCENT_COLOR_NAME = AccentColor;
				CODE_SIGN_STYLE = Automatic;
				CURRENT_PROJECT_VERSION = 1;
				DEVELOPMENT_TEAM = JGM97363D6;
				GENERATE_INFOPLIST_FILE = YES;
				INFOPLIST_FILE = "Am I an MLM?/Info.plist";
				INFOPLIST_KEY_UIApplicationSupportsIndirectInputEvents = YES;
				INFOPLIST_KEY_UILaunchStoryboardName = LaunchScreen;
				INFOPLIST_KEY_UIMainStoryboardFile = Main;
				INFOPLIST_KEY_UISupportedInterfaceOrientations_iPad = "UIInterfaceOrientationPortrait UIInterfaceOrientationPortraitUpsideDown UIInterfaceOrientationLandscapeLeft UIInterfaceOrientationLandscapeRight";
				INFOPLIST_KEY_UISupportedInterfaceOrientations_iPhone = "UIInterfaceOrientationPortrait UIInterfaceOrientationLandscapeLeft UIInterfaceOrientationLandscapeRight";
				LD_RUNPATH_SEARCH_PATHS = (
					"$(inherited)",
					"@executable_path/Frameworks",
				);
				MARKETING_VERSION = 1.0;
				PRODUCT_BUNDLE_IDENTIFIER = "com.ianschrauthbooks.Am-I-an-MLM-";
				PRODUCT_NAME = "$(TARGET_NAME)";
				SWIFT_EMIT_LOC_STRINGS = YES;
				SWIFT_VERSION = 5.0;
				TARGETED_DEVICE_FAMILY = "1,2";
			};
			name = Release;
		};
		354B8AEE285AD48100F5F344 /* Debug */ = {
			isa = XCBuildConfiguration;
			buildSettings = {
				ALWAYS_EMBED_SWIFT_STANDARD_LIBRARIES = YES;
				BUNDLE_LOADER = "$(TEST_HOST)";
				CODE_SIGN_STYLE = Automatic;
				CURRENT_PROJECT_VERSION = 1;
				DEVELOPMENT_TEAM = JGM97363D6;
				GENERATE_INFOPLIST_FILE = YES;
				IPHONEOS_DEPLOYMENT_TARGET = 15.5;
				MARKETING_VERSION = 1.0;
				PRODUCT_BUNDLE_IDENTIFIER = "com.ianschrauthbooks.Am-I-an-MLM-Tests";
				PRODUCT_NAME = "$(TARGET_NAME)";
				SWIFT_EMIT_LOC_STRINGS = NO;
				SWIFT_VERSION = 5.0;
				TARGETED_DEVICE_FAMILY = "1,2";
				TEST_HOST = "$(BUILT_PRODUCTS_DIR)/Am I an MLM?.app/Am I an MLM?";
			};
			name = Debug;
		};
		354B8AEF285AD48100F5F344 /* Release */ = {
			isa = XCBuildConfiguration;
			buildSettings = {
				ALWAYS_EMBED_SWIFT_STANDARD_LIBRARIES = YES;
				BUNDLE_LOADER = "$(TEST_HOST)";
				CODE_SIGN_STYLE = Automatic;
				CURRENT_PROJECT_VERSION = 1;
				DEVELOPMENT_TEAM = JGM97363D6;
				GENERATE_INFOPLIST_FILE = YES;
				IPHONEOS_DEPLOYMENT_TARGET = 15.5;
				MARKETING_VERSION = 1.0;
				PRODUCT_BUNDLE_IDENTIFIER = "com.ianschrauthbooks.Am-I-an-MLM-Tests";
				PRODUCT_NAME = "$(TARGET_NAME)";
				SWIFT_EMIT_LOC_STRINGS = NO;
				SWIFT_VERSION = 5.0;
				TARGETED_DEVICE_FAMILY = "1,2";
				TEST_HOST = "$(BUILT_PRODUCTS_DIR)/Am I an MLM?.app/Am I an MLM?";
			};
			name = Release;
		};
		354B8AF1285AD48100F5F344 /* Debug */ = {
			isa = XCBuildConfiguration;
			buildSettings = {
				ALWAYS_EMBED_SWIFT_STANDARD_LIBRARIES = YES;
				CODE_SIGN_STYLE = Automatic;
				CURRENT_PROJECT_VERSION = 1;
				DEVELOPMENT_TEAM = JGM97363D6;
				GENERATE_INFOPLIST_FILE = YES;
				MARKETING_VERSION = 1.0;
				PRODUCT_BUNDLE_IDENTIFIER = "com.ianschrauthbooks.Am-I-an-MLM-UITests";
				PRODUCT_NAME = "$(TARGET_NAME)";
				SWIFT_EMIT_LOC_STRINGS = NO;
				SWIFT_VERSION = 5.0;
				TARGETED_DEVICE_FAMILY = "1,2";
				TEST_TARGET_NAME = "Am I an MLM?";
			};
			name = Debug;
		};
		354B8AF2285AD48100F5F344 /* Release */ = {
			isa = XCBuildConfiguration;
			buildSettings = {
				ALWAYS_EMBED_SWIFT_STANDARD_LIBRARIES = YES;
				CODE_SIGN_STYLE = Automatic;
				CURRENT_PROJECT_VERSION = 1;
				DEVELOPMENT_TEAM = JGM97363D6;
				GENERATE_INFOPLIST_FILE = YES;
				MARKETING_VERSION = 1.0;
				PRODUCT_BUNDLE_IDENTIFIER = "com.ianschrauthbooks.Am-I-an-MLM-UITests";
				PRODUCT_NAME = "$(TARGET_NAME)";
				SWIFT_EMIT_LOC_STRINGS = NO;
				SWIFT_VERSION = 5.0;
				TARGETED_DEVICE_FAMILY = "1,2";
				TEST_TARGET_NAME = "Am I an MLM?";
			};
			name = Release;
		};
/* End XCBuildConfiguration section */

/* Begin XCConfigurationList section */
		354B8ABB285AD47E00F5F344 /* Build configuration list for PBXProject "Am I an MLM?" */ = {
			isa = XCConfigurationList;
			buildConfigurations = (
				354B8AE8285AD48100F5F344 /* Debug */,
				354B8AE9285AD48100F5F344 /* Release */,
			);
			defaultConfigurationIsVisible = 0;
			defaultConfigurationName = Release;
		};
		354B8AEA285AD48100F5F344 /* Build configuration list for PBXNativeTarget "Am I an MLM?" */ = {
			isa = XCConfigurationList;
			buildConfigurations = (
				354B8AEB285AD48100F5F344 /* Debug */,
				354B8AEC285AD48100F5F344 /* Release */,
			);
			defaultConfigurationIsVisible = 0;
			defaultConfigurationName = Release;
		};
		354B8AED285AD48100F5F344 /* Build configuration list for PBXNativeTarget "Am I an MLM?Tests" */ = {
			isa = XCConfigurationList;
			buildConfigurations = (
				354B8AEE285AD48100F5F344 /* Debug */,
				354B8AEF285AD48100F5F344 /* Release */,
			);
			defaultConfigurationIsVisible = 0;
			defaultConfigurationName = Release;
		};
		354B8AF0285AD48100F5F344 /* Build configuration list for PBXNativeTarget "Am I an MLM?UITests" */ = {
			isa = XCConfigurationList;
			buildConfigurations = (
				354B8AF1285AD48100F5F344 /* Debug */,
				354B8AF2285AD48100F5F344 /* Release */,
			);
			defaultConfigurationIsVisible = 0;
			defaultConfigurationName = Release;
		};
/* End XCConfigurationList section */
	};
	rootObject = 354B8AB8285AD47E00F5F344 /* Project object */;
}
